// !$*UTF8*$!
{
	archiveVersion = 1;
	classes = {
	};
	objectVersion = 56;
	objects = {

/* Begin PBXBuildFile section */
		6BCEB7712C182E13003CCF29 /* PinchSwiftUIAppApp.swift in Sources */ = {isa = PBXBuildFile; fileRef = 6BCEB7702C182E13003CCF29 /* PinchSwiftUIAppApp.swift */; };
		6BCEB7732C182E13003CCF29 /* ContentView.swift in Sources */ = {isa = PBXBuildFile; fileRef = 6BCEB7722C182E13003CCF29 /* ContentView.swift */; };
		6BCEB7752C182E16003CCF29 /* Assets.xcassets in Resources */ = {isa = PBXBuildFile; fileRef = 6BCEB7742C182E16003CCF29 /* Assets.xcassets */; };
		6BCEB7782C182E16003CCF29 /* Preview Assets.xcassets in Resources */ = {isa = PBXBuildFile; fileRef = 6BCEB7772C182E16003CCF29 /* Preview Assets.xcassets */; };
		6BCEB7872C182E4B003CCF29 /* PageData.swift in Sources */ = {isa = PBXBuildFile; fileRef = 6BCEB77F2C182E4A003CCF29 /* PageData.swift */; };
		6BCEB7882C182E4B003CCF29 /* ControlImageView.swift in Sources */ = {isa = PBXBuildFile; fileRef = 6BCEB7812C182E4A003CCF29 /* ControlImageView.swift */; };
		6BCEB7892C182E4B003CCF29 /* InfoPanelView.swift in Sources */ = {isa = PBXBuildFile; fileRef = 6BCEB7822C182E4A003CCF29 /* InfoPanelView.swift */; };
		6BCEB78A2C182E4B003CCF29 /* PageModel.swift in Sources */ = {isa = PBXBuildFile; fileRef = 6BCEB7842C182E4A003CCF29 /* PageModel.swift */; };
/* End PBXBuildFile section */

/* Begin PBXFileReference section */
		6BCEB76D2C182E13003CCF29 /* PinchSwiftUIApp.app */ = {isa = PBXFileReference; explicitFileType = wrapper.application; includeInIndex = 0; path = PinchSwiftUIApp.app; sourceTree = BUILT_PRODUCTS_DIR; };
		6BCEB7702C182E13003CCF29 /* PinchSwiftUIAppApp.swift */ = {isa = PBXFileReference; lastKnownFileType = sourcecode.swift; path = PinchSwiftUIAppApp.swift; sourceTree = "<group>"; };
		6BCEB7722C182E13003CCF29 /* ContentView.swift */ = {isa = PBXFileReference; lastKnownFileType = sourcecode.swift; name = ContentView.swift; path = ../ContentView.swift; sourceTree = "<group>"; };
		6BCEB7742C182E16003CCF29 /* Assets.xcassets */ = {isa = PBXFileReference; lastKnownFileType = folder.assetcatalog; path = Assets.xcassets; sourceTree = "<group>"; };
		6BCEB7772C182E16003CCF29 /* Preview Assets.xcassets */ = {isa = PBXFileReference; lastKnownFileType = folder.assetcatalog; path = "Preview Assets.xcassets"; sourceTree = "<group>"; };
		6BCEB77F2C182E4A003CCF29 /* PageData.swift */ = {isa = PBXFileReference; fileEncoding = 4; lastKnownFileType = sourcecode.swift; path = PageData.swift; sourceTree = "<group>"; };
		6BCEB7812C182E4A003CCF29 /* ControlImageView.swift */ = {isa = PBXFileReference; fileEncoding = 4; lastKnownFileType = sourcecode.swift; path = ControlImageView.swift; sourceTree = "<group>"; };
		6BCEB7822C182E4A003CCF29 /* InfoPanelView.swift */ = {isa = PBXFileReference; fileEncoding = 4; lastKnownFileType = sourcecode.swift; path = InfoPanelView.swift; sourceTree = "<group>"; };
		6BCEB7842C182E4A003CCF29 /* PageModel.swift */ = {isa = PBXFileReference; fileEncoding = 4; lastKnownFileType = sourcecode.swift; path = PageModel.swift; sourceTree = "<group>"; };
/* End PBXFileReference section */

/* Begin PBXFrameworksBuildPhase section */
		6BCEB76A2C182E13003CCF29 /* Frameworks */ = {
			isa = PBXFrameworksBuildPhase;
			buildActionMask = 2147483647;
			files = (
			);
			runOnlyForDeploymentPostprocessing = 0;
		};
/* End PBXFrameworksBuildPhase section */

/* Begin PBXGroup section */
		6BCEB7642C182E13003CCF29 = {
			isa = PBXGroup;
			children = (
				6BCEB76F2C182E13003CCF29 /* PinchSwiftUIApp */,
				6BCEB76E2C182E13003CCF29 /* Products */,
			);
			sourceTree = "<group>";
		};
		6BCEB76E2C182E13003CCF29 /* Products */ = {
			isa = PBXGroup;
			children = (
				6BCEB76D2C182E13003CCF29 /* PinchSwiftUIApp.app */,
			);
			name = Products;
			sourceTree = "<group>";
		};
		6BCEB76F2C182E13003CCF29 /* PinchSwiftUIApp */ = {
			isa = PBXGroup;
			children = (
				6BCEB7702C182E13003CCF29 /* PinchSwiftUIAppApp.swift */,
				6BCEB77E2C182E4A003CCF29 /* Data */,
				6BCEB7832C182E4A003CCF29 /* Model */,
				6BCEB7852C182E4A003CCF29 /* Screen */,
				6BCEB7802C182E4A003CCF29 /* View */,
				6BCEB7742C182E16003CCF29 /* Assets.xcassets */,
				6BCEB7762C182E16003CCF29 /* Preview Content */,
			);
			path = PinchSwiftUIApp;
			sourceTree = "<group>";
		};
		6BCEB7762C182E16003CCF29 /* Preview Content */ = {
			isa = PBXGroup;
			children = (
				6BCEB7772C182E16003CCF29 /* Preview Assets.xcassets */,
			);
			path = "Preview Content";
			sourceTree = "<group>";
		};
		6BCEB77E2C182E4A003CCF29 /* Data */ = {
			isa = PBXGroup;
			children = (
				6BCEB77F2C182E4A003CCF29 /* PageData.swift */,
			);
			path = Data;
			sourceTree = "<group>";
		};
		6BCEB7802C182E4A003CCF29 /* View */ = {
			isa = PBXGroup;
			children = (
				6BCEB7812C182E4A003CCF29 /* ControlImageView.swift */,
				6BCEB7822C182E4A003CCF29 /* InfoPanelView.swift */,
			);
			path = View;
			sourceTree = "<group>";
		};
		6BCEB7832C182E4A003CCF29 /* Model */ = {
			isa = PBXGroup;
			children = (
				6BCEB7842C182E4A003CCF29 /* PageModel.swift */,
			);
			path = Model;
			sourceTree = "<group>";
		};
		6BCEB7852C182E4A003CCF29 /* Screen */ = {
			isa = PBXGroup;
			children = (
				6BCEB7722C182E13003CCF29 /* ContentView.swift */,
			);
			path = Screen;
			sourceTree = "<group>";
		};
/* End PBXGroup section */

/* Begin PBXNativeTarget section */
		6BCEB76C2C182E13003CCF29 /* PinchSwiftUIApp */ = {
			isa = PBXNativeTarget;
			buildConfigurationList = 6BCEB77B2C182E16003CCF29 /* Build configuration list for PBXNativeTarget "PinchSwiftUIApp" */;
			buildPhases = (
				6BCEB7692C182E13003CCF29 /* Sources */,
				6BCEB76A2C182E13003CCF29 /* Frameworks */,
				6BCEB76B2C182E13003CCF29 /* Resources */,
			);
			buildRules = (
			);
			dependencies = (
			);
			name = PinchSwiftUIApp;
			productName = PinchSwiftUIApp;
			productReference = 6BCEB76D2C182E13003CCF29 /* PinchSwiftUIApp.app */;
			productType = "com.apple.product-type.application";
		};
/* End PBXNativeTarget section */

/* Begin PBXProject section */
		6BCEB7652C182E13003CCF29 /* Project object */ = {
			isa = PBXProject;
			attributes = {
				BuildIndependentTargetsInParallel = 1;
				LastSwiftUpdateCheck = 1410;
				LastUpgradeCheck = 1410;
				TargetAttributes = {
					6BCEB76C2C182E13003CCF29 = {
						CreatedOnToolsVersion = 14.1;
					};
				};
			};
			buildConfigurationList = 6BCEB7682C182E13003CCF29 /* Build configuration list for PBXProject "PinchSwiftUIApp" */;
			compatibilityVersion = "Xcode 14.0";
			developmentRegion = en;
			hasScannedForEncodings = 0;
			knownRegions = (
				en,
				Base,
			);
			mainGroup = 6BCEB7642C182E13003CCF29;
			productRefGroup = 6BCEB76E2C182E13003CCF29 /* Products */;
			projectDirPath = "";
			projectRoot = "";
			targets = (
				6BCEB76C2C182E13003CCF29 /* PinchSwiftUIApp */,
			);
		};
/* End PBXProject section */

/* Begin PBXResourcesBuildPhase section */
		6BCEB76B2C182E13003CCF29 /* Resources */ = {
			isa = PBXResourcesBuildPhase;
			buildActionMask = 2147483647;
			files = (
				6BCEB7782C182E16003CCF29 /* Preview Assets.xcassets in Resources */,
				6BCEB7752C182E16003CCF29 /* Assets.xcassets in Resources */,
			);
			runOnlyForDeploymentPostprocessing = 0;
		};
/* End PBXResourcesBuildPhase section */

/* Begin PBXSourcesBuildPhase section */
		6BCEB7692C182E13003CCF29 /* Sources */ = {
			isa = PBXSourcesBuildPhase;
			buildActionMask = 2147483647;
			files = (
				6BCEB7882C182E4B003CCF29 /* ControlImageView.swift in Sources */,
				6BCEB7732C182E13003CCF29 /* ContentView.swift in Sources */,
				6BCEB7872C182E4B003CCF29 /* PageData.swift in Sources */,
				6BCEB7712C182E13003CCF29 /* PinchSwiftUIAppApp.swift in Sources */,
				6BCEB78A2C182E4B003CCF29 /* PageModel.swift in Sources */,
				6BCEB7892C182E4B003CCF29 /* InfoPanelView.swift in Sources */,
			);
			runOnlyForDeploymentPostprocessing = 0;
		};
/* End PBXSourcesBuildPhase section */

/* Begin XCBuildConfiguration section */
		6BCEB7792C182E16003CCF29 /* Debug */ = {
			isa = XCBuildConfiguration;
			buildSettings = {
				ALWAYS_SEARCH_USER_PATHS = NO;
				CLANG_ANALYZER_NONNULL = YES;
				CLANG_ANALYZER_NUMBER_OBJECT_CONVERSION = YES_AGGRESSIVE;
				CLANG_CXX_LANGUAGE_STANDARD = "gnu++20";
				CLANG_ENABLE_MODULES = YES;
				CLANG_ENABLE_OBJC_ARC = YES;
				CLANG_ENABLE_OBJC_WEAK = YES;
				CLANG_WARN_BLOCK_CAPTURE_AUTORELEASING = YES;
				CLANG_WARN_BOOL_CONVERSION = YES;
				CLANG_WARN_COMMA = YES;
				CLANG_WARN_CONSTANT_CONVERSION = YES;
				CLANG_WARN_DEPRECATED_OBJC_IMPLEMENTATIONS = YES;
				CLANG_WARN_DIRECT_OBJC_ISA_USAGE = YES_ERROR;
				CLANG_WARN_DOCUMENTATION_COMMENTS = YES;
				CLANG_WARN_EMPTY_BODY = YES;
				CLANG_WARN_ENUM_CONVERSION = YES;
				CLANG_WARN_INFINITE_RECURSION = YES;
				CLANG_WARN_INT_CONVERSION = YES;
				CLANG_WARN_NON_LITERAL_NULL_CONVERSION = YES;
				CLANG_WARN_OBJC_IMPLICIT_RETAIN_SELF = YES;
				CLANG_WARN_OBJC_LITERAL_CONVERSION = YES;
				CLANG_WARN_OBJC_ROOT_CLASS = YES_ERROR;
				CLANG_WARN_QUOTED_INCLUDE_IN_FRAMEWORK_HEADER = YES;
				CLANG_WARN_RANGE_LOOP_ANALYSIS = YES;
				CLANG_WARN_STRICT_PROTOTYPES = YES;
				CLANG_WARN_SUSPICIOUS_MOVE = YES;
				CLANG_WARN_UNGUARDED_AVAILABILITY = YES_AGGRESSIVE;
				CLANG_WARN_UNREACHABLE_CODE = YES;
				CLANG_WARN__DUPLICATE_METHOD_MATCH = YES;
				COPY_PHASE_STRIP = NO;
				DEBUG_INFORMATION_FORMAT = dwarf;
				ENABLE_STRICT_OBJC_MSGSEND = YES;
				ENABLE_TESTABILITY = YES;
				GCC_C_LANGUAGE_STANDARD = gnu11;
				GCC_DYNAMIC_NO_PIC = NO;
				GCC_NO_COMMON_BLOCKS = YES;
				GCC_OPTIMIZATION_LEVEL = 0;
				GCC_PREPROCESSOR_DEFINITIONS = (
					"DEBUG=1",
					"$(inherited)",
				);
				GCC_WARN_64_TO_32_BIT_CONVERSION = YES;
				GCC_WARN_ABOUT_RETURN_TYPE = YES_ERROR;
				GCC_WARN_UNDECLARED_SELECTOR = YES;
				GCC_WARN_UNINITIALIZED_AUTOS = YES_AGGRESSIVE;
				GCC_WARN_UNUSED_FUNCTION = YES;
				GCC_WARN_UNUSED_VARIABLE = YES;
				IPHONEOS_DEPLOYMENT_TARGET = 16.1;
				MTL_ENABLE_DEBUG_INFO = INCLUDE_SOURCE;
				MTL_FAST_MATH = YES;
				ONLY_ACTIVE_ARCH = YES;
				SDKROOT = iphoneos;
				SWIFT_ACTIVE_COMPILATION_CONDITIONS = DEBUG;
				SWIFT_OPTIMIZATION_LEVEL = "-Onone";
			};
			name = Debug;
		};
		6BCEB77A2C182E16003CCF29 /* Release */ = {
			isa = XCBuildConfiguration;
			buildSettings = {
				ALWAYS_SEARCH_USER_PATHS = NO;
				CLANG_ANALYZER_NONNULL = YES;
				CLANG_ANALYZER_NUMBER_OBJECT_CONVERSION = YES_AGGRESSIVE;
				CLANG_CXX_LANGUAGE_STANDARD = "gnu++20";
				CLANG_ENABLE_MODULES = YES;
				CLANG_ENABLE_OBJC_ARC = YES;
				CLANG_ENABLE_OBJC_WEAK = YES;
				CLANG_WARN_BLOCK_CAPTURE_AUTORELEASING = YES;
				CLANG_WARN_BOOL_CONVERSION = YES;
				CLANG_WARN_COMMA = YES;
				CLANG_WARN_CONSTANT_CONVERSION = YES;
				CLANG_WARN_DEPRECATED_OBJC_IMPLEMENTATIONS = YES;
				CLANG_WARN_DIRECT_OBJC_ISA_USAGE = YES_ERROR;
				CLANG_WARN_DOCUMENTATION_COMMENTS = YES;
				CLANG_WARN_EMPTY_BODY = YES;
				CLANG_WARN_ENUM_CONVERSION = YES;
				CLANG_WARN_INFINITE_RECURSION = YES;
				CLANG_WARN_INT_CONVERSION = YES;
				CLANG_WARN_NON_LITERAL_NULL_CONVERSION = YES;
				CLANG_WARN_OBJC_IMPLICIT_RETAIN_SELF = YES;
				CLANG_WARN_OBJC_LITERAL_CONVERSION = YES;
				CLANG_WARN_OBJC_ROOT_CLASS = YES_ERROR;
				CLANG_WARN_QUOTED_INCLUDE_IN_FRAMEWORK_HEADER = YES;
				CLANG_WARN_RANGE_LOOP_ANALYSIS = YES;
				CLANG_WARN_STRICT_PROTOTYPES = YES;
				CLANG_WARN_SUSPICIOUS_MOVE = YES;
				CLANG_WARN_UNGUARDED_AVAILABILITY = YES_AGGRESSIVE;
				CLANG_WARN_UNREACHABLE_CODE = YES;
				CLANG_WARN__DUPLICATE_METHOD_MATCH = YES;
				COPY_PHASE_STRIP = NO;
				DEBUG_INFORMATION_FORMAT = "dwarf-with-dsym";
				ENABLE_NS_ASSERTIONS = NO;
				ENABLE_STRICT_OBJC_MSGSEND = YES;
				GCC_C_LANGUAGE_STANDARD = gnu11;
				GCC_NO_COMMON_BLOCKS = YES;
				GCC_WARN_64_TO_32_BIT_CONVERSION = YES;
				GCC_WARN_ABOUT_RETURN_TYPE = YES_ERROR;
				GCC_WARN_UNDECLARED_SELECTOR = YES;
				GCC_WARN_UNINITIALIZED_AUTOS = YES_AGGRESSIVE;
				GCC_WARN_UNUSED_FUNCTION = YES;
				GCC_WARN_UNUSED_VARIABLE = YES;
				IPHONEOS_DEPLOYMENT_TARGET = 16.1;
				MTL_ENABLE_DEBUG_INFO = NO;
				MTL_FAST_MATH = YES;
				SDKROOT = iphoneos;
				SWIFT_COMPILATION_MODE = wholemodule;
				SWIFT_OPTIMIZATION_LEVEL = "-O";
				VALIDATE_PRODUCT = YES;
			};
			name = Release;
		};
		6BCEB77C2C182E16003CCF29 /* Debug */ = {
			isa = XCBuildConfiguration;
			buildSettings = {
				ASSETCATALOG_COMPILER_APPICON_NAME = AppIcon;
				ASSETCATALOG_COMPILER_GLOBAL_ACCENT_COLOR_NAME = AccentColor;
				CODE_SIGN_STYLE = Automatic;
				CURRENT_PROJECT_VERSION = 1;
				DEVELOPMENT_ASSET_PATHS = "\"PinchSwiftUIApp/Preview Content\"";
				ENABLE_PREVIEWS = YES;
				GENERATE_INFOPLIST_FILE = YES;
				INFOPLIST_KEY_UIApplicationSceneManifest_Generation = YES;
				INFOPLIST_KEY_UIApplicationSupportsIndirectInputEvents = YES;
				INFOPLIST_KEY_UILaunchScreen_Generation = YES;
				INFOPLIST_KEY_UISupportedInterfaceOrientations_iPad = "UIInterfaceOrientationPortrait UIInterfaceOrientationPortraitUpsideDown UIInterfaceOrientationLandscapeLeft UIInterfaceOrientationLandscapeRight";
				INFOPLIST_KEY_UISupportedInterfaceOrientations_iPhone = "UIInterfaceOrientationPortrait UIInterfaceOrientationLandscapeLeft UIInterfaceOrientationLandscapeRight";
				LD_RUNPATH_SEARCH_PATHS = (
					"$(inherited)",
					"@executable_path/Frameworks",
				);
				MARKETING_VERSION = 1.0;
				PRODUCT_BUNDLE_IDENTIFIER = com.pinchApp.PinchSwiftUIApp;
				PRODUCT_NAME = "$(TARGET_NAME)";
				SWIFT_EMIT_LOC_STRINGS = YES;
				SWIFT_VERSION = 5.0;
				TARGETED_DEVICE_FAMILY = "1,2";
			};
			name = Debug;
		};
		6BCEB77D2C182E16003CCF29 /* Release */ = {
			isa = XCBuildConfiguration;
			buildSettings = {
				ASSETCATALOG_COMPILER_APPICON_NAME = AppIcon;
				ASSETCATALOG_COMPILER_GLOBAL_ACCENT_COLOR_NAME = AccentColor;
				CODE_SIGN_STYLE = Automatic;
				CURRENT_PROJECT_VERSION = 1;
				DEVELOPMENT_ASSET_PATHS = "\"PinchSwiftUIApp/Preview Content\"";
				ENABLE_PREVIEWS = YES;
				GENERATE_INFOPLIST_FILE = YES;
				INFOPLIST_KEY_UIApplicationSceneManifest_Generation = YES;
				INFOPLIST_KEY_UIApplicationSupportsIndirectInputEvents = YES;
				INFOPLIST_KEY_UILaunchScreen_Generation = YES;
				INFOPLIST_KEY_UISupportedInterfaceOrientations_iPad = "UIInterfaceOrientationPortrait UIInterfaceOrientationPortraitUpsideDown UIInterfaceOrientationLandscapeLeft UIInterfaceOrientationLandscapeRight";
				INFOPLIST_KEY_UISupportedInterfaceOrientations_iPhone = "UIInterfaceOrientationPortrait UIInterfaceOrientationLandscapeLeft UIInterfaceOrientationLandscapeRight";
				LD_RUNPATH_SEARCH_PATHS = (
					"$(inherited)",
					"@executable_path/Frameworks",
				);
				MARKETING_VERSION = 1.0;
				PRODUCT_BUNDLE_IDENTIFIER = com.pinchApp.PinchSwiftUIApp;
				PRODUCT_NAME = "$(TARGET_NAME)";
				SWIFT_EMIT_LOC_STRINGS = YES;
				SWIFT_VERSION = 5.0;
				TARGETED_DEVICE_FAMILY = "1,2";
			};
			name = Release;
		};
/* End XCBuildConfiguration section */

/* Begin XCConfigurationList section */
		6BCEB7682C182E13003CCF29 /* Build configuration list for PBXProject "PinchSwiftUIApp" */ = {
			isa = XCConfigurationList;
			buildConfigurations = (
				6BCEB7792C182E16003CCF29 /* Debug */,
				6BCEB77A2C182E16003CCF29 /* Release */,
			);
			defaultConfigurationIsVisible = 0;
			defaultConfigurationName = Release;
		};
		6BCEB77B2C182E16003CCF29 /* Build configuration list for PBXNativeTarget "PinchSwiftUIApp" */ = {
			isa = XCConfigurationList;
			buildConfigurations = (
				6BCEB77C2C182E16003CCF29 /* Debug */,
				6BCEB77D2C182E16003CCF29 /* Release */,
			);
			defaultConfigurationIsVisible = 0;
			defaultConfigurationName = Release;
		};
/* End XCConfigurationList section */
	};
	rootObject = 6BCEB7652C182E13003CCF29 /* Project object */;
}
